// !$*UTF8*$!
{
	archiveVersion = 1;
	classes = {
	};
	objectVersion = 55;
	objects = {

/* Begin PBXBuildFile section */
		EAFFA3BE284A7F7400C9D0EF /* MoonshotExempleApp.swift in Sources */ = {isa = PBXBuildFile; fileRef = EAFFA3BD284A7F7400C9D0EF /* MoonshotExempleApp.swift */; };
		EAFFA3C0284A7F7400C9D0EF /* ContentView.swift in Sources */ = {isa = PBXBuildFile; fileRef = EAFFA3BF284A7F7400C9D0EF /* ContentView.swift */; };
		EAFFA3C2284A7F7500C9D0EF /* Assets.xcassets in Resources */ = {isa = PBXBuildFile; fileRef = EAFFA3C1284A7F7500C9D0EF /* Assets.xcassets */; };
		EAFFA3C5284A7F7500C9D0EF /* Preview Assets.xcassets in Resources */ = {isa = PBXBuildFile; fileRef = EAFFA3C4284A7F7500C9D0EF /* Preview Assets.xcassets */; };
		EAFFA3CC284AD02500C9D0EF /* ExempleScrollView.swift in Sources */ = {isa = PBXBuildFile; fileRef = EAFFA3CB284AD02500C9D0EF /* ExempleScrollView.swift */; };
		EAFFA3CE284AECBC00C9D0EF /* NavigationLinkExample.swift in Sources */ = {isa = PBXBuildFile; fileRef = EAFFA3CD284AECBC00C9D0EF /* NavigationLinkExample.swift */; };
		EAFFA3D0284B966200C9D0EF /* ScrollingGridExample.swift in Sources */ = {isa = PBXBuildFile; fileRef = EAFFA3CF284B966200C9D0EF /* ScrollingGridExample.swift */; };
/* End PBXBuildFile section */

/* Begin PBXFileReference section */
		EAFFA3BA284A7F7400C9D0EF /* MoonshotExemple.app */ = {isa = PBXFileReference; explicitFileType = wrapper.application; includeInIndex = 0; path = MoonshotExemple.app; sourceTree = BUILT_PRODUCTS_DIR; };
		EAFFA3BD284A7F7400C9D0EF /* MoonshotExempleApp.swift */ = {isa = PBXFileReference; lastKnownFileType = sourcecode.swift; path = MoonshotExempleApp.swift; sourceTree = "<group>"; };
		EAFFA3BF284A7F7400C9D0EF /* ContentView.swift */ = {isa = PBXFileReference; lastKnownFileType = sourcecode.swift; path = ContentView.swift; sourceTree = "<group>"; };
		EAFFA3C1284A7F7500C9D0EF /* Assets.xcassets */ = {isa = PBXFileReference; lastKnownFileType = folder.assetcatalog; path = Assets.xcassets; sourceTree = "<group>"; };
		EAFFA3C4284A7F7500C9D0EF /* Preview Assets.xcassets */ = {isa = PBXFileReference; lastKnownFileType = folder.assetcatalog; path = "Preview Assets.xcassets"; sourceTree = "<group>"; };
		EAFFA3CB284AD02500C9D0EF /* ExempleScrollView.swift */ = {isa = PBXFileReference; lastKnownFileType = sourcecode.swift; path = ExempleScrollView.swift; sourceTree = "<group>"; };
		EAFFA3CD284AECBC00C9D0EF /* NavigationLinkExample.swift */ = {isa = PBXFileReference; lastKnownFileType = sourcecode.swift; path = NavigationLinkExample.swift; sourceTree = "<group>"; };
		EAFFA3CF284B966200C9D0EF /* ScrollingGridExample.swift */ = {isa = PBXFileReference; lastKnownFileType = sourcecode.swift; path = ScrollingGridExample.swift; sourceTree = "<group>"; };
/* End PBXFileReference section */

/* Begin PBXFrameworksBuildPhase section */
		EAFFA3B7284A7F7400C9D0EF /* Frameworks */ = {
			isa = PBXFrameworksBuildPhase;
			buildActionMask = 2147483647;
			files = (
			);
			runOnlyForDeploymentPostprocessing = 0;
		};
/* End PBXFrameworksBuildPhase section */

/* Begin PBXGroup section */
		EAFFA3B1284A7F7400C9D0EF = {
			isa = PBXGroup;
			children = (
				EAFFA3BC284A7F7400C9D0EF /* MoonshotExemple */,
				EAFFA3BB284A7F7400C9D0EF /* Products */,
			);
			sourceTree = "<group>";
		};
		EAFFA3BB284A7F7400C9D0EF /* Products */ = {
			isa = PBXGroup;
			children = (
				EAFFA3BA284A7F7400C9D0EF /* MoonshotExemple.app */,
			);
			name = Products;
			sourceTree = "<group>";
		};
		EAFFA3BC284A7F7400C9D0EF /* MoonshotExemple */ = {
			isa = PBXGroup;
			children = (
				EAFFA3BD284A7F7400C9D0EF /* MoonshotExempleApp.swift */,
				EAFFA3BF284A7F7400C9D0EF /* ContentView.swift */,
				EAFFA3CB284AD02500C9D0EF /* ExempleScrollView.swift */,
				EAFFA3CD284AECBC00C9D0EF /* NavigationLinkExample.swift */,
				EAFFA3C1284A7F7500C9D0EF /* Assets.xcassets */,
				EAFFA3C3284A7F7500C9D0EF /* Preview Content */,
				EAFFA3CF284B966200C9D0EF /* ScrollingGridExample.swift */,
			);
			path = MoonshotExemple;
			sourceTree = "<group>";
		};
		EAFFA3C3284A7F7500C9D0EF /* Preview Content */ = {
			isa = PBXGroup;
			children = (
				EAFFA3C4284A7F7500C9D0EF /* Preview Assets.xcassets */,
			);
			path = "Preview Content";
			sourceTree = "<group>";
		};
/* End PBXGroup section */

/* Begin PBXNativeTarget section */
		EAFFA3B9284A7F7400C9D0EF /* MoonshotExemple */ = {
			isa = PBXNativeTarget;
			buildConfigurationList = EAFFA3C8284A7F7500C9D0EF /* Build configuration list for PBXNativeTarget "MoonshotExemple" */;
			buildPhases = (
				EAFFA3B6284A7F7400C9D0EF /* Sources */,
				EAFFA3B7284A7F7400C9D0EF /* Frameworks */,
				EAFFA3B8284A7F7400C9D0EF /* Resources */,
			);
			buildRules = (
			);
			dependencies = (
			);
			name = MoonshotExemple;
			productName = MoonshotExemple;
			productReference = EAFFA3BA284A7F7400C9D0EF /* MoonshotExemple.app */;
			productType = "com.apple.product-type.application";
		};
/* End PBXNativeTarget section */

/* Begin PBXProject section */
		EAFFA3B2284A7F7400C9D0EF /* Project object */ = {
			isa = PBXProject;
			attributes = {
				BuildIndependentTargetsInParallel = 1;
				LastSwiftUpdateCheck = 1340;
				LastUpgradeCheck = 1340;
				TargetAttributes = {
					EAFFA3B9284A7F7400C9D0EF = {
						CreatedOnToolsVersion = 13.4;
					};
				};
			};
			buildConfigurationList = EAFFA3B5284A7F7400C9D0EF /* Build configuration list for PBXProject "MoonshotExemple" */;
			compatibilityVersion = "Xcode 13.0";
			developmentRegion = en;
			hasScannedForEncodings = 0;
			knownRegions = (
				en,
				Base,
			);
			mainGroup = EAFFA3B1284A7F7400C9D0EF;
			productRefGroup = EAFFA3BB284A7F7400C9D0EF /* Products */;
			projectDirPath = "";
			projectRoot = "";
			targets = (
				EAFFA3B9284A7F7400C9D0EF /* MoonshotExemple */,
			);
		};
/* End PBXProject section */

/* Begin PBXResourcesBuildPhase section */
		EAFFA3B8284A7F7400C9D0EF /* Resources */ = {
			isa = PBXResourcesBuildPhase;
			buildActionMask = 2147483647;
			files = (
				EAFFA3C5284A7F7500C9D0EF /* Preview Assets.xcassets in Resources */,
				EAFFA3C2284A7F7500C9D0EF /* Assets.xcassets in Resources */,
			);
			runOnlyForDeploymentPostprocessing = 0;
		};
/* End PBXResourcesBuildPhase section */

/* Begin PBXSourcesBuildPhase section */
		EAFFA3B6284A7F7400C9D0EF /* Sources */ = {
			isa = PBXSourcesBuildPhase;
			buildActionMask = 2147483647;
			files = (
				EAFFA3CE284AECBC00C9D0EF /* NavigationLinkExample.swift in Sources */,
				EAFFA3C0284A7F7400C9D0EF /* ContentView.swift in Sources */,
				EAFFA3CC284AD02500C9D0EF /* ExempleScrollView.swift in Sources */,
				EAFFA3BE284A7F7400C9D0EF /* MoonshotExempleApp.swift in Sources */,
				EAFFA3D0284B966200C9D0EF /* ScrollingGridExample.swift in Sources */,
			);
			runOnlyForDeploymentPostprocessing = 0;
		};
/* End PBXSourcesBuildPhase section */

/* Begin XCBuildConfiguration section */
		EAFFA3C6284A7F7500C9D0EF /* Debug */ = {
			isa = XCBuildConfiguration;
			buildSettings = {
				ALWAYS_SEARCH_USER_PATHS = NO;
				CLANG_ANALYZER_NONNULL = YES;
				CLANG_ANALYZER_NUMBER_OBJECT_CONVERSION = YES_AGGRESSIVE;
				CLANG_CXX_LANGUAGE_STANDARD = "gnu++17";
				CLANG_ENABLE_MODULES = YES;
				CLANG_ENABLE_OBJC_ARC = YES;
				CLANG_ENABLE_OBJC_WEAK = YES;
				CLANG_WARN_BLOCK_CAPTURE_AUTORELEASING = YES;
				CLANG_WARN_BOOL_CONVERSION = YES;
				CLANG_WARN_COMMA = YES;
				CLANG_WARN_CONSTANT_CONVERSION = YES;
				CLANG_WARN_DEPRECATED_OBJC_IMPLEMENTATIONS = YES;
				CLANG_WARN_DIRECT_OBJC_ISA_USAGE = YES_ERROR;
				CLANG_WARN_DOCUMENTATION_COMMENTS = YES;
				CLANG_WARN_EMPTY_BODY = YES;
				CLANG_WARN_ENUM_CONVERSION = YES;
				CLANG_WARN_INFINITE_RECURSION = YES;
				CLANG_WARN_INT_CONVERSION = YES;
				CLANG_WARN_NON_LITERAL_NULL_CONVERSION = YES;
				CLANG_WARN_OBJC_IMPLICIT_RETAIN_SELF = YES;
				CLANG_WARN_OBJC_LITERAL_CONVERSION = YES;
				CLANG_WARN_OBJC_ROOT_CLASS = YES_ERROR;
				CLANG_WARN_QUOTED_INCLUDE_IN_FRAMEWORK_HEADER = YES;
				CLANG_WARN_RANGE_LOOP_ANALYSIS = YES;
				CLANG_WARN_STRICT_PROTOTYPES = YES;
				CLANG_WARN_SUSPICIOUS_MOVE = YES;
				CLANG_WARN_UNGUARDED_AVAILABILITY = YES_AGGRESSIVE;
				CLANG_WARN_UNREACHABLE_CODE = YES;
				CLANG_WARN__DUPLICATE_METHOD_MATCH = YES;
				COPY_PHASE_STRIP = NO;
				DEBUG_INFORMATION_FORMAT = dwarf;
				ENABLE_STRICT_OBJC_MSGSEND = YES;
				ENABLE_TESTABILITY = YES;
				GCC_C_LANGUAGE_STANDARD = gnu11;
				GCC_DYNAMIC_NO_PIC = NO;
				GCC_NO_COMMON_BLOCKS = YES;
				GCC_OPTIMIZATION_LEVEL = 0;
				GCC_PREPROCESSOR_DEFINITIONS = (
					"DEBUG=1",
					"$(inherited)",
				);
				GCC_WARN_64_TO_32_BIT_CONVERSION = YES;
				GCC_WARN_ABOUT_RETURN_TYPE = YES_ERROR;
				GCC_WARN_UNDECLARED_SELECTOR = YES;
				GCC_WARN_UNINITIALIZED_AUTOS = YES_AGGRESSIVE;
				GCC_WARN_UNUSED_FUNCTION = YES;
				GCC_WARN_UNUSED_VARIABLE = YES;
				IPHONEOS_DEPLOYMENT_TARGET = 15.5;
				MTL_ENABLE_DEBUG_INFO = INCLUDE_SOURCE;
				MTL_FAST_MATH = YES;
				ONLY_ACTIVE_ARCH = YES;
				SDKROOT = iphoneos;
				SWIFT_ACTIVE_COMPILATION_CONDITIONS = DEBUG;
				SWIFT_OPTIMIZATION_LEVEL = "-Onone";
			};
			name = Debug;
		};
		EAFFA3C7284A7F7500C9D0EF /* Release */ = {
			isa = XCBuildConfiguration;
			buildSettings = {
				ALWAYS_SEARCH_USER_PATHS = NO;
				CLANG_ANALYZER_NONNULL = YES;
				CLANG_ANALYZER_NUMBER_OBJECT_CONVERSION = YES_AGGRESSIVE;
				CLANG_CXX_LANGUAGE_STANDARD = "gnu++17";
				CLANG_ENABLE_MODULES = YES;
				CLANG_ENABLE_OBJC_ARC = YES;
				CLANG_ENABLE_OBJC_WEAK = YES;
				CLANG_WARN_BLOCK_CAPTURE_AUTORELEASING = YES;
				CLANG_WARN_BOOL_CONVERSION = YES;
				CLANG_WARN_COMMA = YES;
				CLANG_WARN_CONSTANT_CONVERSION = YES;
				CLANG_WARN_DEPRECATED_OBJC_IMPLEMENTATIONS = YES;
				CLANG_WARN_DIRECT_OBJC_ISA_USAGE = YES_ERROR;
				CLANG_WARN_DOCUMENTATION_COMMENTS = YES;
				CLANG_WARN_EMPTY_BODY = YES;
				CLANG_WARN_ENUM_CONVERSION = YES;
				CLANG_WARN_INFINITE_RECURSION = YES;
				CLANG_WARN_INT_CONVERSION = YES;
				CLANG_WARN_NON_LITERAL_NULL_CONVERSION = YES;
				CLANG_WARN_OBJC_IMPLICIT_RETAIN_SELF = YES;
				CLANG_WARN_OBJC_LITERAL_CONVERSION = YES;
				CLANG_WARN_OBJC_ROOT_CLASS = YES_ERROR;
				CLANG_WARN_QUOTED_INCLUDE_IN_FRAMEWORK_HEADER = YES;
				CLANG_WARN_RANGE_LOOP_ANALYSIS = YES;
				CLANG_WARN_STRICT_PROTOTYPES = YES;
				CLANG_WARN_SUSPICIOUS_MOVE = YES;
				CLANG_WARN_UNGUARDED_AVAILABILITY = YES_AGGRESSIVE;
				CLANG_WARN_UNREACHABLE_CODE = YES;
				CLANG_WARN__DUPLICATE_METHOD_MATCH = YES;
				COPY_PHASE_STRIP = NO;
				DEBUG_INFORMATION_FORMAT = "dwarf-with-dsym";
				ENABLE_NS_ASSERTIONS = NO;
				ENABLE_STRICT_OBJC_MSGSEND = YES;
				GCC_C_LANGUAGE_STANDARD = gnu11;
				GCC_NO_COMMON_BLOCKS = YES;
				GCC_WARN_64_TO_32_BIT_CONVERSION = YES;
				GCC_WARN_ABOUT_RETURN_TYPE = YES_ERROR;
				GCC_WARN_UNDECLARED_SELECTOR = YES;
				GCC_WARN_UNINITIALIZED_AUTOS = YES_AGGRESSIVE;
				GCC_WARN_UNUSED_FUNCTION = YES;
				GCC_WARN_UNUSED_VARIABLE = YES;
				IPHONEOS_DEPLOYMENT_TARGET = 15.5;
				MTL_ENABLE_DEBUG_INFO = NO;
				MTL_FAST_MATH = YES;
				SDKROOT = iphoneos;
				SWIFT_COMPILATION_MODE = wholemodule;
				SWIFT_OPTIMIZATION_LEVEL = "-O";
				VALIDATE_PRODUCT = YES;
			};
			name = Release;
		};
		EAFFA3C9284A7F7500C9D0EF /* Debug */ = {
			isa = XCBuildConfiguration;
			buildSettings = {
				ASSETCATALOG_COMPILER_APPICON_NAME = AppIcon;
				ASSETCATALOG_COMPILER_GLOBAL_ACCENT_COLOR_NAME = AccentColor;
				CODE_SIGN_STYLE = Automatic;
				CURRENT_PROJECT_VERSION = 1;
				DEVELOPMENT_ASSET_PATHS = "\"MoonshotExemple/Preview Content\"";
				DEVELOPMENT_TEAM = 8Q4G5PRJJ5;
				ENABLE_PREVIEWS = YES;
				GENERATE_INFOPLIST_FILE = YES;
				INFOPLIST_KEY_UIApplicationSceneManifest_Generation = YES;
				INFOPLIST_KEY_UIApplicationSupportsIndirectInputEvents = YES;
				INFOPLIST_KEY_UILaunchScreen_Generation = YES;
				INFOPLIST_KEY_UISupportedInterfaceOrientations_iPad = "UIInterfaceOrientationPortrait UIInterfaceOrientationPortraitUpsideDown UIInterfaceOrientationLandscapeLeft UIInterfaceOrientationLandscapeRight";
				INFOPLIST_KEY_UISupportedInterfaceOrientations_iPhone = "UIInterfaceOrientationPortrait UIInterfaceOrientationLandscapeLeft UIInterfaceOrientationLandscapeRight";
				LD_RUNPATH_SEARCH_PATHS = (
					"$(inherited)",
					"@executable_path/Frameworks",
				);
				MARKETING_VERSION = 1.0;
				PRODUCT_BUNDLE_IDENTIFIER = br.com.manoellealdeveloper.MoonshotExemple;
				PRODUCT_NAME = "$(TARGET_NAME)";
				SWIFT_EMIT_LOC_STRINGS = YES;
				SWIFT_VERSION = 5.0;
				TARGETED_DEVICE_FAMILY = "1,2";
			};
			name = Debug;
		};
		EAFFA3CA284A7F7500C9D0EF /* Release */ = {
			isa = XCBuildConfiguration;
			buildSettings = {
				ASSETCATALOG_COMPILER_APPICON_NAME = AppIcon;
				ASSETCATALOG_COMPILER_GLOBAL_ACCENT_COLOR_NAME = AccentColor;
				CODE_SIGN_STYLE = Automatic;
				CURRENT_PROJECT_VERSION = 1;
				DEVELOPMENT_ASSET_PATHS = "\"MoonshotExemple/Preview Content\"";
				DEVELOPMENT_TEAM = 8Q4G5PRJJ5;
				ENABLE_PREVIEWS = YES;
				GENERATE_INFOPLIST_FILE = YES;
				INFOPLIST_KEY_UIApplicationSceneManifest_Generation = YES;
				INFOPLIST_KEY_UIApplicationSupportsIndirectInputEvents = YES;
				INFOPLIST_KEY_UILaunchScreen_Generation = YES;
				INFOPLIST_KEY_UISupportedInterfaceOrientations_iPad = "UIInterfaceOrientationPortrait UIInterfaceOrientationPortraitUpsideDown UIInterfaceOrientationLandscapeLeft UIInterfaceOrientationLandscapeRight";
				INFOPLIST_KEY_UISupportedInterfaceOrientations_iPhone = "UIInterfaceOrientationPortrait UIInterfaceOrientationLandscapeLeft UIInterfaceOrientationLandscapeRight";
				LD_RUNPATH_SEARCH_PATHS = (
					"$(inherited)",
					"@executable_path/Frameworks",
				);
				MARKETING_VERSION = 1.0;
				PRODUCT_BUNDLE_IDENTIFIER = br.com.manoellealdeveloper.MoonshotExemple;
				PRODUCT_NAME = "$(TARGET_NAME)";
				SWIFT_EMIT_LOC_STRINGS = YES;
				SWIFT_VERSION = 5.0;
				TARGETED_DEVICE_FAMILY = "1,2";
			};
			name = Release;
		};
/* End XCBuildConfiguration section */

/* Begin XCConfigurationList section */
		EAFFA3B5284A7F7400C9D0EF /* Build configuration list for PBXProject "MoonshotExemple" */ = {
			isa = XCConfigurationList;
			buildConfigurations = (
				EAFFA3C6284A7F7500C9D0EF /* Debug */,
				EAFFA3C7284A7F7500C9D0EF /* Release */,
			);
			defaultConfigurationIsVisible = 0;
			defaultConfigurationName = Release;
		};
		EAFFA3C8284A7F7500C9D0EF /* Build configuration list for PBXNativeTarget "MoonshotExemple" */ = {
			isa = XCConfigurationList;
			buildConfigurations = (
				EAFFA3C9284A7F7500C9D0EF /* Debug */,
				EAFFA3CA284A7F7500C9D0EF /* Release */,
			);
			defaultConfigurationIsVisible = 0;
			defaultConfigurationName = Release;
		};
/* End XCConfigurationList section */
	};
	rootObject = EAFFA3B2284A7F7400C9D0EF /* Project object */;
}
